// !$*UTF8*$!
{
	archiveVersion = 1;
	classes = {
	};
	objectVersion = 50;
	objects = {

/* Begin PBXBuildFile section */
		F73AD63325E6A05E0074AC5B /* AppDelegate.swift in Sources */ = {isa = PBXBuildFile; fileRef = F73AD63225E6A05E0074AC5B /* AppDelegate.swift */; };
		F73AD63525E6A05E0074AC5B /* SceneDelegate.swift in Sources */ = {isa = PBXBuildFile; fileRef = F73AD63425E6A05E0074AC5B /* SceneDelegate.swift */; };
		F73AD63725E6A05E0074AC5B /* ViewController.swift in Sources */ = {isa = PBXBuildFile; fileRef = F73AD63625E6A05E0074AC5B /* ViewController.swift */; };
		F73AD63A25E6A05E0074AC5B /* Main.storyboard in Resources */ = {isa = PBXBuildFile; fileRef = F73AD63825E6A05E0074AC5B /* Main.storyboard */; };
		F73AD63D25E6A05E0074AC5B /* YuChe_GuessGame.xcdatamodeld in Sources */ = {isa = PBXBuildFile; fileRef = F73AD63B25E6A05E0074AC5B /* YuChe_GuessGame.xcdatamodeld */; };
		F73AD63F25E6A0600074AC5B /* Assets.xcassets in Resources */ = {isa = PBXBuildFile; fileRef = F73AD63E25E6A0600074AC5B /* Assets.xcassets */; };
		F73AD64225E6A0600074AC5B /* LaunchScreen.storyboard in Resources */ = {isa = PBXBuildFile; fileRef = F73AD64025E6A0600074AC5B /* LaunchScreen.storyboard */; };
		F73AD64B25E6A06C0074AC5B /* GuessViewController.swift in Sources */ = {isa = PBXBuildFile; fileRef = F73AD64A25E6A06C0074AC5B /* GuessViewController.swift */; };
		F73AD65525E6B3690074AC5B /* ScoreViewController.swift in Sources */ = {isa = PBXBuildFile; fileRef = F73AD65425E6B3690074AC5B /* ScoreViewController.swift */; };
		F73AD65B25E6B5840074AC5B /* record.swift in Sources */ = {isa = PBXBuildFile; fileRef = F73AD65A25E6B5840074AC5B /* record.swift */; };
/* End PBXBuildFile section */

/* Begin PBXFileReference section */
		F73AD62F25E6A05E0074AC5B /* YuChe_GuessGame.app */ = {isa = PBXFileReference; explicitFileType = wrapper.application; includeInIndex = 0; path = YuChe_GuessGame.app; sourceTree = BUILT_PRODUCTS_DIR; };
		F73AD63225E6A05E0074AC5B /* AppDelegate.swift */ = {isa = PBXFileReference; lastKnownFileType = sourcecode.swift; path = AppDelegate.swift; sourceTree = "<group>"; };
		F73AD63425E6A05E0074AC5B /* SceneDelegate.swift */ = {isa = PBXFileReference; lastKnownFileType = sourcecode.swift; path = SceneDelegate.swift; sourceTree = "<group>"; };
		F73AD63625E6A05E0074AC5B /* ViewController.swift */ = {isa = PBXFileReference; lastKnownFileType = sourcecode.swift; path = ViewController.swift; sourceTree = "<group>"; };
		F73AD63925E6A05E0074AC5B /* Base */ = {isa = PBXFileReference; lastKnownFileType = file.storyboard; name = Base; path = Base.lproj/Main.storyboard; sourceTree = "<group>"; };
		F73AD63C25E6A05E0074AC5B /* YuChe_GuessGame.xcdatamodel */ = {isa = PBXFileReference; lastKnownFileType = wrapper.xcdatamodel; path = YuChe_GuessGame.xcdatamodel; sourceTree = "<group>"; };
		F73AD63E25E6A0600074AC5B /* Assets.xcassets */ = {isa = PBXFileReference; lastKnownFileType = folder.assetcatalog; path = Assets.xcassets; sourceTree = "<group>"; };
		F73AD64125E6A0600074AC5B /* Base */ = {isa = PBXFileReference; lastKnownFileType = file.storyboard; name = Base; path = Base.lproj/LaunchScreen.storyboard; sourceTree = "<group>"; };
		F73AD64325E6A0600074AC5B /* Info.plist */ = {isa = PBXFileReference; lastKnownFileType = text.plist.xml; path = Info.plist; sourceTree = "<group>"; };
		F73AD64A25E6A06C0074AC5B /* GuessViewController.swift */ = {isa = PBXFileReference; lastKnownFileType = sourcecode.swift; path = GuessViewController.swift; sourceTree = "<group>"; };
		F73AD65425E6B3690074AC5B /* ScoreViewController.swift */ = {isa = PBXFileReference; lastKnownFileType = sourcecode.swift; path = ScoreViewController.swift; sourceTree = "<group>"; };
		F73AD65A25E6B5840074AC5B /* record.swift */ = {isa = PBXFileReference; lastKnownFileType = sourcecode.swift; path = record.swift; sourceTree = "<group>"; };
/* End PBXFileReference section */

/* Begin PBXFrameworksBuildPhase section */
		F73AD62C25E6A05E0074AC5B /* Frameworks */ = {
			isa = PBXFrameworksBuildPhase;
			buildActionMask = 2147483647;
			files = (
			);
			runOnlyForDeploymentPostprocessing = 0;
		};
/* End PBXFrameworksBuildPhase section */

/* Begin PBXGroup section */
		F73AD62625E6A05E0074AC5B = {
			isa = PBXGroup;
			children = (
				F73AD63125E6A05E0074AC5B /* YuChe_GuessGame */,
				F73AD63025E6A05E0074AC5B /* Products */,
			);
			sourceTree = "<group>";
		};
		F73AD63025E6A05E0074AC5B /* Products */ = {
			isa = PBXGroup;
			children = (
				F73AD62F25E6A05E0074AC5B /* YuChe_GuessGame.app */,
			);
			name = Products;
			sourceTree = "<group>";
		};
		F73AD63125E6A05E0074AC5B /* YuChe_GuessGame */ = {
			isa = PBXGroup;
			children = (
				F73AD65925E6B5680074AC5B /* model */,
				F73AD63225E6A05E0074AC5B /* AppDelegate.swift */,
				F73AD63425E6A05E0074AC5B /* SceneDelegate.swift */,
				F73AD63625E6A05E0074AC5B /* ViewController.swift */,
				F73AD63825E6A05E0074AC5B /* Main.storyboard */,
				F73AD63E25E6A0600074AC5B /* Assets.xcassets */,
				F73AD64025E6A0600074AC5B /* LaunchScreen.storyboard */,
				F73AD64325E6A0600074AC5B /* Info.plist */,
				F73AD63B25E6A05E0074AC5B /* YuChe_GuessGame.xcdatamodeld */,
				F73AD64A25E6A06C0074AC5B /* GuessViewController.swift */,
				F73AD65425E6B3690074AC5B /* ScoreViewController.swift */,
			);
			path = YuChe_GuessGame;
			sourceTree = "<group>";
		};
		F73AD65925E6B5680074AC5B /* model */ = {
			isa = PBXGroup;
			children = (
				F73AD65A25E6B5840074AC5B /* record.swift */,
			);
			path = model;
			sourceTree = "<group>";
		};
/* End PBXGroup section */

/* Begin PBXNativeTarget section */
		F73AD62E25E6A05E0074AC5B /* YuChe_GuessGame */ = {
			isa = PBXNativeTarget;
			buildConfigurationList = F73AD64625E6A0600074AC5B /* Build configuration list for PBXNativeTarget "YuChe_GuessGame" */;
			buildPhases = (
				F73AD62B25E6A05E0074AC5B /* Sources */,
				F73AD62C25E6A05E0074AC5B /* Frameworks */,
				F73AD62D25E6A05E0074AC5B /* Resources */,
			);
			buildRules = (
			);
			dependencies = (
			);
			name = YuChe_GuessGame;
			productName = YuChe_GuessGame;
			productReference = F73AD62F25E6A05E0074AC5B /* YuChe_GuessGame.app */;
			productType = "com.apple.product-type.application";
		};
/* End PBXNativeTarget section */

/* Begin PBXProject section */
		F73AD62725E6A05E0074AC5B /* Project object */ = {
			isa = PBXProject;
			attributes = {
				LastSwiftUpdateCheck = 1240;
				LastUpgradeCheck = 1240;
				TargetAttributes = {
					F73AD62E25E6A05E0074AC5B = {
						CreatedOnToolsVersion = 12.4;
					};
				};
			};
			buildConfigurationList = F73AD62A25E6A05E0074AC5B /* Build configuration list for PBXProject "YuChe_GuessGame" */;
			compatibilityVersion = "Xcode 9.3";
			developmentRegion = en;
			hasScannedForEncodings = 0;
			knownRegions = (
				en,
				Base,
			);
			mainGroup = F73AD62625E6A05E0074AC5B;
			productRefGroup = F73AD63025E6A05E0074AC5B /* Products */;
			projectDirPath = "";
			projectRoot = "";
			targets = (
				F73AD62E25E6A05E0074AC5B /* YuChe_GuessGame */,
			);
		};
/* End PBXProject section */

/* Begin PBXResourcesBuildPhase section */
		F73AD62D25E6A05E0074AC5B /* Resources */ = {
			isa = PBXResourcesBuildPhase;
			buildActionMask = 2147483647;
			files = (
				F73AD64225E6A0600074AC5B /* LaunchScreen.storyboard in Resources */,
				F73AD63F25E6A0600074AC5B /* Assets.xcassets in Resources */,
				F73AD63A25E6A05E0074AC5B /* Main.storyboard in Resources */,
			);
			runOnlyForDeploymentPostprocessing = 0;
		};
/* End PBXResourcesBuildPhase section */

/* Begin PBXSourcesBuildPhase section */
		F73AD62B25E6A05E0074AC5B /* Sources */ = {
			isa = PBXSourcesBuildPhase;
			buildActionMask = 2147483647;
			files = (
				F73AD63725E6A05E0074AC5B /* ViewController.swift in Sources */,
				F73AD64B25E6A06C0074AC5B /* GuessViewController.swift in Sources */,
				F73AD63325E6A05E0074AC5B /* AppDelegate.swift in Sources */,
				F73AD63D25E6A05E0074AC5B /* YuChe_GuessGame.xcdatamodeld in Sources */,
				F73AD63525E6A05E0074AC5B /* SceneDelegate.swift in Sources */,
				F73AD65B25E6B5840074AC5B /* record.swift in Sources */,
				F73AD65525E6B3690074AC5B /* ScoreViewController.swift in Sources */,
			);
			runOnlyForDeploymentPostprocessing = 0;
		};
/* End PBXSourcesBuildPhase section */

/* Begin PBXVariantGroup section */
		F73AD63825E6A05E0074AC5B /* Main.storyboard */ = {
			isa = PBXVariantGroup;
			children = (
				F73AD63925E6A05E0074AC5B /* Base */,
			);
			name = Main.storyboard;
			sourceTree = "<group>";
		};
		F73AD64025E6A0600074AC5B /* LaunchScreen.storyboard */ = {
			isa = PBXVariantGroup;
			children = (
				F73AD64125E6A0600074AC5B /* Base */,
			);
			name = LaunchScreen.storyboard;
			sourceTree = "<group>";
		};
/* End PBXVariantGroup section */

/* Begin XCBuildConfiguration section */
		F73AD64425E6A0600074AC5B /* Debug */ = {
			isa = XCBuildConfiguration;
			buildSettings = {
				ALWAYS_SEARCH_USER_PATHS = NO;
				CLANG_ANALYZER_NONNULL = YES;
				CLANG_ANALYZER_NUMBER_OBJECT_CONVERSION = YES_AGGRESSIVE;
				CLANG_CXX_LANGUAGE_STANDARD = "gnu++14";
				CLANG_CXX_LIBRARY = "libc++";
				CLANG_ENABLE_MODULES = YES;
				CLANG_ENABLE_OBJC_ARC = YES;
				CLANG_ENABLE_OBJC_WEAK = YES;
				CLANG_WARN_BLOCK_CAPTURE_AUTORELEASING = YES;
				CLANG_WARN_BOOL_CONVERSION = YES;
				CLANG_WARN_COMMA = YES;
				CLANG_WARN_CONSTANT_CONVERSION = YES;
				CLANG_WARN_DEPRECATED_OBJC_IMPLEMENTATIONS = YES;
				CLANG_WARN_DIRECT_OBJC_ISA_USAGE = YES_ERROR;
				CLANG_WARN_DOCUMENTATION_COMMENTS = YES;
				CLANG_WARN_EMPTY_BODY = YES;
				CLANG_WARN_ENUM_CONVERSION = YES;
				CLANG_WARN_INFINITE_RECURSION = YES;
				CLANG_WARN_INT_CONVERSION = YES;
				CLANG_WARN_NON_LITERAL_NULL_CONVERSION = YES;
				CLANG_WARN_OBJC_IMPLICIT_RETAIN_SELF = YES;
				CLANG_WARN_OBJC_LITERAL_CONVERSION = YES;
				CLANG_WARN_OBJC_ROOT_CLASS = YES_ERROR;
				CLANG_WARN_QUOTED_INCLUDE_IN_FRAMEWORK_HEADER = YES;
				CLANG_WARN_RANGE_LOOP_ANALYSIS = YES;
				CLANG_WARN_STRICT_PROTOTYPES = YES;
				CLANG_WARN_SUSPICIOUS_MOVE = YES;
				CLANG_WARN_UNGUARDED_AVAILABILITY = YES_AGGRESSIVE;
				CLANG_WARN_UNREACHABLE_CODE = YES;
				CLANG_WARN__DUPLICATE_METHOD_MATCH = YES;
				COPY_PHASE_STRIP = NO;
				DEBUG_INFORMATION_FORMAT = dwarf;
				ENABLE_STRICT_OBJC_MSGSEND = YES;
				ENABLE_TESTABILITY = YES;
				GCC_C_LANGUAGE_STANDARD = gnu11;
				GCC_DYNAMIC_NO_PIC = NO;
				GCC_NO_COMMON_BLOCKS = YES;
				GCC_OPTIMIZATION_LEVEL = 0;
				GCC_PREPROCESSOR_DEFINITIONS = (
					"DEBUG=1",
					"$(inherited)",
				);
				GCC_WARN_64_TO_32_BIT_CONVERSION = YES;
				GCC_WARN_ABOUT_RETURN_TYPE = YES_ERROR;
				GCC_WARN_UNDECLARED_SELECTOR = YES;
				GCC_WARN_UNINITIALIZED_AUTOS = YES_AGGRESSIVE;
				GCC_WARN_UNUSED_FUNCTION = YES;
				GCC_WARN_UNUSED_VARIABLE = YES;
				IPHONEOS_DEPLOYMENT_TARGET = 14.4;
				MTL_ENABLE_DEBUG_INFO = INCLUDE_SOURCE;
				MTL_FAST_MATH = YES;
				ONLY_ACTIVE_ARCH = YES;
				SDKROOT = iphoneos;
				SWIFT_ACTIVE_COMPILATION_CONDITIONS = DEBUG;
				SWIFT_OPTIMIZATION_LEVEL = "-Onone";
			};
			name = Debug;
		};
		F73AD64525E6A0600074AC5B /* Release */ = {
			isa = XCBuildConfiguration;
			buildSettings = {
				ALWAYS_SEARCH_USER_PATHS = NO;
				CLANG_ANALYZER_NONNULL = YES;
				CLANG_ANALYZER_NUMBER_OBJECT_CONVERSION = YES_AGGRESSIVE;
				CLANG_CXX_LANGUAGE_STANDARD = "gnu++14";
				CLANG_CXX_LIBRARY = "libc++";
				CLANG_ENABLE_MODULES = YES;
				CLANG_ENABLE_OBJC_ARC = YES;
				CLANG_ENABLE_OBJC_WEAK = YES;
				CLANG_WARN_BLOCK_CAPTURE_AUTORELEASING = YES;
				CLANG_WARN_BOOL_CONVERSION = YES;
				CLANG_WARN_COMMA = YES;
				CLANG_WARN_CONSTANT_CONVERSION = YES;
				CLANG_WARN_DEPRECATED_OBJC_IMPLEMENTATIONS = YES;
				CLANG_WARN_DIRECT_OBJC_ISA_USAGE = YES_ERROR;
				CLANG_WARN_DOCUMENTATION_COMMENTS = YES;
				CLANG_WARN_EMPTY_BODY = YES;
				CLANG_WARN_ENUM_CONVERSION = YES;
				CLANG_WARN_INFINITE_RECURSION = YES;
				CLANG_WARN_INT_CONVERSION = YES;
				CLANG_WARN_NON_LITERAL_NULL_CONVERSION = YES;
				CLANG_WARN_OBJC_IMPLICIT_RETAIN_SELF = YES;
				CLANG_WARN_OBJC_LITERAL_CONVERSION = YES;
				CLANG_WARN_OBJC_ROOT_CLASS = YES_ERROR;
				CLANG_WARN_QUOTED_INCLUDE_IN_FRAMEWORK_HEADER = YES;
				CLANG_WARN_RANGE_LOOP_ANALYSIS = YES;
				CLANG_WARN_STRICT_PROTOTYPES = YES;
				CLANG_WARN_SUSPICIOUS_MOVE = YES;
				CLANG_WARN_UNGUARDED_AVAILABILITY = YES_AGGRESSIVE;
				CLANG_WARN_UNREACHABLE_CODE = YES;
				CLANG_WARN__DUPLICATE_METHOD_MATCH = YES;
				COPY_PHASE_STRIP = NO;
				DEBUG_INFORMATION_FORMAT = "dwarf-with-dsym";
				ENABLE_NS_ASSERTIONS = NO;
				ENABLE_STRICT_OBJC_MSGSEND = YES;
				GCC_C_LANGUAGE_STANDARD = gnu11;
				GCC_NO_COMMON_BLOCKS = YES;
				GCC_WARN_64_TO_32_BIT_CONVERSION = YES;
				GCC_WARN_ABOUT_RETURN_TYPE = YES_ERROR;
				GCC_WARN_UNDECLARED_SELECTOR = YES;
				GCC_WARN_UNINITIALIZED_AUTOS = YES_AGGRESSIVE;
				GCC_WARN_UNUSED_FUNCTION = YES;
				GCC_WARN_UNUSED_VARIABLE = YES;
				IPHONEOS_DEPLOYMENT_TARGET = 14.4;
				MTL_ENABLE_DEBUG_INFO = NO;
				MTL_FAST_MATH = YES;
				SDKROOT = iphoneos;
				SWIFT_COMPILATION_MODE = wholemodule;
				SWIFT_OPTIMIZATION_LEVEL = "-O";
				VALIDATE_PRODUCT = YES;
			};
			name = Release;
		};
		F73AD64725E6A0600074AC5B /* Debug */ = {
			isa = XCBuildConfiguration;
			buildSettings = {
				ASSETCATALOG_COMPILER_APPICON_NAME = AppIcon;
				ASSETCATALOG_COMPILER_GLOBAL_ACCENT_COLOR_NAME = AccentColor;
				CODE_SIGN_STYLE = Automatic;
				INFOPLIST_FILE = YuChe_GuessGame/Info.plist;
				LD_RUNPATH_SEARCH_PATHS = (
					"$(inherited)",
					"@executable_path/Frameworks",
				);
				PRODUCT_BUNDLE_IDENTIFIER = "noston.YuChe-GuessGame";
				PRODUCT_NAME = "$(TARGET_NAME)";
				SWIFT_VERSION = 5.0;
				TARGETED_DEVICE_FAMILY = "1,2";
			};
			name = Debug;
		};
		F73AD64825E6A0600074AC5B /* Release */ = {
			isa = XCBuildConfiguration;
			buildSettings = {
				ASSETCATALOG_COMPILER_APPICON_NAME = AppIcon;
				ASSETCATALOG_COMPILER_GLOBAL_ACCENT_COLOR_NAME = AccentColor;
				CODE_SIGN_STYLE = Automatic;
				INFOPLIST_FILE = YuChe_GuessGame/Info.plist;
				LD_RUNPATH_SEARCH_PATHS = (
					"$(inherited)",
					"@executable_path/Frameworks",
				);
				PRODUCT_BUNDLE_IDENTIFIER = "noston.YuChe-GuessGame";
				PRODUCT_NAME = "$(TARGET_NAME)";
				SWIFT_VERSION = 5.0;
				TARGETED_DEVICE_FAMILY = "1,2";
			};
			name = Release;
		};
/* End XCBuildConfiguration section */

/* Begin XCConfigurationList section */
		F73AD62A25E6A05E0074AC5B /* Build configuration list for PBXProject "YuChe_GuessGame" */ = {
			isa = XCConfigurationList;
			buildConfigurations = (
				F73AD64425E6A0600074AC5B /* Debug */,
				F73AD64525E6A0600074AC5B /* Release */,
			);
			defaultConfigurationIsVisible = 0;
			defaultConfigurationName = Release;
		};
		F73AD64625E6A0600074AC5B /* Build configuration list for PBXNativeTarget "YuChe_GuessGame" */ = {
			isa = XCConfigurationList;
			buildConfigurations = (
				F73AD64725E6A0600074AC5B /* Debug */,
				F73AD64825E6A0600074AC5B /* Release */,
			);
			defaultConfigurationIsVisible = 0;
			defaultConfigurationName = Release;
		};
/* End XCConfigurationList section */

/* Begin XCVersionGroup section */
		F73AD63B25E6A05E0074AC5B /* YuChe_GuessGame.xcdatamodeld */ = {
			isa = XCVersionGroup;
			children = (
				F73AD63C25E6A05E0074AC5B /* YuChe_GuessGame.xcdatamodel */,
			);
			currentVersion = F73AD63C25E6A05E0074AC5B /* YuChe_GuessGame.xcdatamodel */;
			path = YuChe_GuessGame.xcdatamodeld;
			sourceTree = "<group>";
			versionGroupType = wrapper.xcdatamodel;
		};
/* End XCVersionGroup section */
	};
	rootObject = F73AD62725E6A05E0074AC5B /* Project object */;
}
